
Microsoft Visual Studio Solution File, Format Version 12.00
# Visual Studio Version 17
VisualStudioVersion = 17.0.31903.59
MinimumVisualStudioVersion = 10.0.40219.1
Project("{FAE04EC0-301F-11D3-BF4B-00C04F79EFBC}") = "Users", "Users\Users.csproj", "{DDEEA5EB-33D2-43F3-9116-12683597425D}"
EndProject
Project("{FAE04EC0-301F-11D3-BF4B-00C04F79EFBC}") = "Vehicles", "Vehicles\Vehicles.csproj", "{3E6B57E9-D966-44C3-A21E-5A4D0D5CCC37}"
EndProject
Project("{FAE04EC0-301F-11D3-BF4B-00C04F79EFBC}") = "VehiclesTests", "VehiclesTests\VehiclesTests.csproj", "{1C89F14E-706C-4B3E-BE87-0EB1F425DD89}"
EndProject
Project("{FAE04EC0-301F-11D3-BF4B-00C04F79EFBC}") = "UsersTests", "UsersTests\UsersTests.csproj", "{98A15C6D-6767-4906-9BD0-81D50F39D7C7}"
EndProject
Project("{FAE04EC0-301F-11D3-BF4B-00C04F79EFBC}") = "ACL Gateway", "ACL Gateway\ACL Gateway.csproj", "{59548B34-BAE1-4E35-B6A5-8F51704E2674}"
EndProject
Global
	GlobalSection(SolutionConfigurationPlatforms) = preSolution
		Debug|Any CPU = Debug|Any CPU
		Release|Any CPU = Release|Any CPU
	EndGlobalSection
	GlobalSection(ProjectConfigurationPlatforms) = postSolution
		{DDEEA5EB-33D2-43F3-9116-12683597425D}.Debug|Any CPU.ActiveCfg = Debug|Any CPU
		{DDEEA5EB-33D2-43F3-9116-12683597425D}.Debug|Any CPU.Build.0 = Debug|Any CPU
		{DDEEA5EB-33D2-43F3-9116-12683597425D}.Release|Any CPU.ActiveCfg = Release|Any CPU
		{DDEEA5EB-33D2-43F3-9116-12683597425D}.Release|Any CPU.Build.0 = Release|Any CPU
		{3E6B57E9-D966-44C3-A21E-5A4D0D5CCC37}.Debug|Any CPU.ActiveCfg = Debug|Any CPU
		{3E6B57E9-D966-44C3-A21E-5A4D0D5CCC37}.Debug|Any CPU.Build.0 = Debug|Any CPU
		{3E6B57E9-D966-44C3-A21E-5A4D0D5CCC37}.Release|Any CPU.ActiveCfg = Release|Any CPU
		{3E6B57E9-D966-44C3-A21E-5A4D0D5CCC37}.Release|Any CPU.Build.0 = Release|Any CPU
		{1C89F14E-706C-4B3E-BE87-0EB1F425DD89}.Debug|Any CPU.ActiveCfg = Debug|Any CPU
		{1C89F14E-706C-4B3E-BE87-0EB1F425DD89}.Debug|Any CPU.Build.0 = Debug|Any CPU
		{1C89F14E-706C-4B3E-BE87-0EB1F425DD89}.Release|Any CPU.ActiveCfg = Release|Any CPU
		{1C89F14E-706C-4B3E-BE87-0EB1F425DD89}.Release|Any CPU.Build.0 = Release|Any CPU
		{98A15C6D-6767-4906-9BD0-81D50F39D7C7}.Debug|Any CPU.ActiveCfg = Debug|Any CPU
		{98A15C6D-6767-4906-9BD0-81D50F39D7C7}.Debug|Any CPU.Build.0 = Debug|Any CPU
		{98A15C6D-6767-4906-9BD0-81D50F39D7C7}.Release|Any CPU.ActiveCfg = Release|Any CPU
		{98A15C6D-6767-4906-9BD0-81D50F39D7C7}.Release|Any CPU.Build.0 = Release|Any CPU
		{59548B34-BAE1-4E35-B6A5-8F51704E2674}.Debug|Any CPU.ActiveCfg = Debug|Any CPU
		{59548B34-BAE1-4E35-B6A5-8F51704E2674}.Debug|Any CPU.Build.0 = Debug|Any CPU
		{59548B34-BAE1-4E35-B6A5-8F51704E2674}.Release|Any CPU.ActiveCfg = Release|Any CPU
		{59548B34-BAE1-4E35-B6A5-8F51704E2674}.Release|Any CPU.Build.0 = Release|Any CPU
	EndGlobalSection
	GlobalSection(SolutionProperties) = preSolution
		HideSolutionNode = FALSE
	EndGlobalSection
	GlobalSection(ExtensibilityGlobals) = postSolution
		SolutionGuid = {7D9C59C0-2E1A-4D0D-86FA-6DED49F25A4A}
	EndGlobalSection
EndGlobal
