
Microsoft Visual Studio Solution File, Format Version 12.00
# Visual Studio Version 17
VisualStudioVersion = 17.0.31903.59
MinimumVisualStudioVersion = 10.0.40219.1
Project("{FAE04EC0-301F-11D3-BF4B-00C04F79EFBC}") = "Users", "Users\Users.csproj", "{DDEEA5EB-33D2-43F3-9116-12683597425D}"
EndProject
Project("{FAE04EC0-301F-11D3-BF4B-00C04F79EFBC}") = "Vehicles", "Vehicles\Vehicles.csproj", "{3E6B57E9-D966-44C3-A21E-5A4D0D5CCC37}"
EndProject
Global
	GlobalSection(SolutionConfigurationPlatforms) = preSolution
		Debug|Any CPU = Debug|Any CPU
		Release|Any CPU = Release|Any CPU
	EndGlobalSection
	GlobalSection(ProjectConfigurationPlatforms) = postSolution
		{DDEEA5EB-33D2-43F3-9116-12683597425D}.Debug|Any CPU.ActiveCfg = Debug|Any CPU
		{DDEEA5EB-33D2-43F3-9116-12683597425D}.Debug|Any CPU.Build.0 = Debug|Any CPU
		{DDEEA5EB-33D2-43F3-9116-12683597425D}.Release|Any CPU.ActiveCfg = Release|Any CPU
		{DDEEA5EB-33D2-43F3-9116-12683597425D}.Release|Any CPU.Build.0 = Release|Any CPU
		{3E6B57E9-D966-44C3-A21E-5A4D0D5CCC37}.Debug|Any CPU.ActiveCfg = Debug|Any CPU
		{3E6B57E9-D966-44C3-A21E-5A4D0D5CCC37}.Debug|Any CPU.Build.0 = Debug|Any CPU
		{3E6B57E9-D966-44C3-A21E-5A4D0D5CCC37}.Release|Any CPU.ActiveCfg = Release|Any CPU
		{3E6B57E9-D966-44C3-A21E-5A4D0D5CCC37}.Release|Any CPU.Build.0 = Release|Any CPU
	EndGlobalSection
	GlobalSection(SolutionProperties) = preSolution
		HideSolutionNode = FALSE
	EndGlobalSection
EndGlobal
